Microsoft Visual Studio Solution File, Format Version 12.00
# Visual Studio Version 17
VisualStudioVersion = 17.13.35716.79
MinimumVisualStudioVersion = 10.0.40219.1
Project("{FAE04EC0-301F-11D3-BF4B-00C04F79EFBC}") = "Lab_6", "Lab_6\Lab_6.csproj", "{9C471CB3-8F25-48B3-BA8D-7AD7E430C64F}"
EndProject
Global
	GlobalSection(SolutionConfigurationPlatforms) = preSolution
		Debug|Any CPU = Debug|Any CPU
		Release|Any CPU = Release|Any CPU
	EndGlobalSection
	GlobalSection(ProjectConfigurationPlatforms) = postSolution
		{9C471CB3-8F25-48B3-BA8D-7AD7E430C64F}.Debug|Any CPU.ActiveCfg = Debug|Any CPU
		{9C471CB3-8F25-48B3-BA8D-7AD7E430C64F}.Debug|Any CPU.Build.0 = Debug|Any CPU
		{9C471CB3-8F25-48B3-BA8D-7AD7E430C64F}.Release|Any CPU.ActiveCfg = Release|Any CPU
		{9C471CB3-8F25-48B3-BA8D-7AD7E430C64F}.Release|Any CPU.Build.0 = Release|Any CPU
	EndGlobalSection
	GlobalSection(SolutionProperties) = preSolution
		HideSolutionNode = FALSE
	EndGlobalSection
	GlobalSection(ExtensibilityGlobals) = postSolution
		SolutionGuid = {4AF9465D-9891-4432-9445-0A198514841D}
	EndGlobalSection
EndGlobal
